
Microsoft Visual Studio Solution File, Format Version 12.00
# Visual Studio Version 17
VisualStudioVersion = 17.4.33213.308
MinimumVisualStudioVersion = 10.0.40219.1
Project("{9A19103F-16F7-4668-BE54-9A1E7A4F7556}") = "BulkyWeb", "BulkyWebEcommerce\BulkyWeb.csproj", "{360D9490-9F5F-437A-9D27-15E717E63482}"
EndProject
Project("{9A19103F-16F7-4668-BE54-9A1E7A4F7556}") = "BulkyWeb.DataAccess", "BulkyWeb.Data\BulkyWeb.DataAccess.csproj", "{95FDCB9E-F955-47C8-8FE5-599A29604370}"
EndProject
Project("{9A19103F-16F7-4668-BE54-9A1E7A4F7556}") = "BulkyWeb.Models", "BulkyWeb.Models\BulkyWeb.Models.csproj", "{AEB8E5D9-042D-4E19-ADBB-A0FD87BDE866}"
EndProject
Project("{9A19103F-16F7-4668-BE54-9A1E7A4F7556}") = "BulkyWeb.Utility", "BulkyWeb.Utility\BulkyWeb.Utility.csproj", "{4E796FFD-E870-4BAE-8BBF-FBAA6C95547E}"
EndProject
Global
	GlobalSection(SolutionConfigurationPlatforms) = preSolution
		Debug|Any CPU = Debug|Any CPU
		Release|Any CPU = Release|Any CPU
	EndGlobalSection
	GlobalSection(ProjectConfigurationPlatforms) = postSolution
		{360D9490-9F5F-437A-9D27-15E717E63482}.Debug|Any CPU.ActiveCfg = Debug|Any CPU
		{360D9490-9F5F-437A-9D27-15E717E63482}.Debug|Any CPU.Build.0 = Debug|Any CPU
		{360D9490-9F5F-437A-9D27-15E717E63482}.Release|Any CPU.ActiveCfg = Release|Any CPU
		{360D9490-9F5F-437A-9D27-15E717E63482}.Release|Any CPU.Build.0 = Release|Any CPU
		{95FDCB9E-F955-47C8-8FE5-599A29604370}.Debug|Any CPU.ActiveCfg = Debug|Any CPU
		{95FDCB9E-F955-47C8-8FE5-599A29604370}.Debug|Any CPU.Build.0 = Debug|Any CPU
		{95FDCB9E-F955-47C8-8FE5-599A29604370}.Release|Any CPU.ActiveCfg = Release|Any CPU
		{95FDCB9E-F955-47C8-8FE5-599A29604370}.Release|Any CPU.Build.0 = Release|Any CPU
		{AEB8E5D9-042D-4E19-ADBB-A0FD87BDE866}.Debug|Any CPU.ActiveCfg = Debug|Any CPU
		{AEB8E5D9-042D-4E19-ADBB-A0FD87BDE866}.Debug|Any CPU.Build.0 = Debug|Any CPU
		{AEB8E5D9-042D-4E19-ADBB-A0FD87BDE866}.Release|Any CPU.ActiveCfg = Release|Any CPU
		{AEB8E5D9-042D-4E19-ADBB-A0FD87BDE866}.Release|Any CPU.Build.0 = Release|Any CPU
		{4E796FFD-E870-4BAE-8BBF-FBAA6C95547E}.Debug|Any CPU.ActiveCfg = Debug|Any CPU
		{4E796FFD-E870-4BAE-8BBF-FBAA6C95547E}.Debug|Any CPU.Build.0 = Debug|Any CPU
		{4E796FFD-E870-4BAE-8BBF-FBAA6C95547E}.Release|Any CPU.ActiveCfg = Release|Any CPU
		{4E796FFD-E870-4BAE-8BBF-FBAA6C95547E}.Release|Any CPU.Build.0 = Release|Any CPU
	EndGlobalSection
	GlobalSection(SolutionProperties) = preSolution
		HideSolutionNode = FALSE
	EndGlobalSection
	GlobalSection(ExtensibilityGlobals) = postSolution
		SolutionGuid = {614547C1-5FD8-4C23-B038-6BBDFCA231A6}
	EndGlobalSection
EndGlobal
